// !$*UTF8*$!
{
	archiveVersion = 1;
	classes = {
	};
	objectVersion = 46;
	objects = {

/* Begin PBXBuildFile section */
		8A24E430DC7F8B7A742A8083 /* Pods_TransactionsCreditCardStone.framework in Frameworks */ = {isa = PBXBuildFile; fileRef = 2F7DDE18C2DF21224E592309 /* Pods_TransactionsCreditCardStone.framework */; };
		D94C410C1DB1980B001131B6 /* AppDelegate.swift in Sources */ = {isa = PBXBuildFile; fileRef = D94C410B1DB1980B001131B6 /* AppDelegate.swift */; };
		D94C410E1DB1980B001131B6 /* ViewController.swift in Sources */ = {isa = PBXBuildFile; fileRef = D94C410D1DB1980B001131B6 /* ViewController.swift */; };
		D94C41111DB1980B001131B6 /* Main.storyboard in Resources */ = {isa = PBXBuildFile; fileRef = D94C410F1DB1980B001131B6 /* Main.storyboard */; };
		D94C41131DB1980B001131B6 /* Assets.xcassets in Resources */ = {isa = PBXBuildFile; fileRef = D94C41121DB1980B001131B6 /* Assets.xcassets */; };
		D94C41161DB1980B001131B6 /* LaunchScreen.storyboard in Resources */ = {isa = PBXBuildFile; fileRef = D94C41141DB1980B001131B6 /* LaunchScreen.storyboard */; };
		D9ABFAD21DCBBBE6001363CB /* CredCardUser.swift in Sources */ = {isa = PBXBuildFile; fileRef = D9ABFAD11DCBBBE6001363CB /* CredCardUser.swift */; };
/* End PBXBuildFile section */

/* Begin PBXFileReference section */
		2F7DDE18C2DF21224E592309 /* Pods_TransactionsCreditCardStone.framework */ = {isa = PBXFileReference; explicitFileType = wrapper.framework; includeInIndex = 0; path = Pods_TransactionsCreditCardStone.framework; sourceTree = BUILT_PRODUCTS_DIR; };
		3A60D29D6360D042EF453D7A /* Pods-TransactionsCreditCardStone.debug.xcconfig */ = {isa = PBXFileReference; includeInIndex = 1; lastKnownFileType = text.xcconfig; name = "Pods-TransactionsCreditCardStone.debug.xcconfig"; path = "Pods/Target Support Files/Pods-TransactionsCreditCardStone/Pods-TransactionsCreditCardStone.debug.xcconfig"; sourceTree = "<group>"; };
		4EF9AA99508E709D49DEB061 /* Pods-TransactionsCreditCardStone.release.xcconfig */ = {isa = PBXFileReference; includeInIndex = 1; lastKnownFileType = text.xcconfig; name = "Pods-TransactionsCreditCardStone.release.xcconfig"; path = "Pods/Target Support Files/Pods-TransactionsCreditCardStone/Pods-TransactionsCreditCardStone.release.xcconfig"; sourceTree = "<group>"; };
		D94C41081DB1980B001131B6 /* TransactionsCreditCardStone.app */ = {isa = PBXFileReference; explicitFileType = wrapper.application; includeInIndex = 0; path = TransactionsCreditCardStone.app; sourceTree = BUILT_PRODUCTS_DIR; };
		D94C410B1DB1980B001131B6 /* AppDelegate.swift */ = {isa = PBXFileReference; lastKnownFileType = sourcecode.swift; path = AppDelegate.swift; sourceTree = "<group>"; };
		D94C410D1DB1980B001131B6 /* ViewController.swift */ = {isa = PBXFileReference; lastKnownFileType = sourcecode.swift; path = ViewController.swift; sourceTree = "<group>"; };
		D94C41101DB1980B001131B6 /* Base */ = {isa = PBXFileReference; lastKnownFileType = file.storyboard; name = Base; path = Base.lproj/Main.storyboard; sourceTree = "<group>"; };
		D94C41121DB1980B001131B6 /* Assets.xcassets */ = {isa = PBXFileReference; lastKnownFileType = folder.assetcatalog; path = Assets.xcassets; sourceTree = "<group>"; };
		D94C41151DB1980B001131B6 /* Base */ = {isa = PBXFileReference; lastKnownFileType = file.storyboard; name = Base; path = Base.lproj/LaunchScreen.storyboard; sourceTree = "<group>"; };
		D94C41171DB1980B001131B6 /* Info.plist */ = {isa = PBXFileReference; lastKnownFileType = text.plist.xml; path = Info.plist; sourceTree = "<group>"; };
		D9ABFAD11DCBBBE6001363CB /* CredCardUser.swift */ = {isa = PBXFileReference; fileEncoding = 4; lastKnownFileType = sourcecode.swift; path = CredCardUser.swift; sourceTree = "<group>"; };
/* End PBXFileReference section */

/* Begin PBXFrameworksBuildPhase section */
		D94C41051DB1980B001131B6 /* Frameworks */ = {
			isa = PBXFrameworksBuildPhase;
			buildActionMask = 2147483647;
			files = (
				8A24E430DC7F8B7A742A8083 /* Pods_TransactionsCreditCardStone.framework in Frameworks */,
			);
			runOnlyForDeploymentPostprocessing = 0;
		};
/* End PBXFrameworksBuildPhase section */

/* Begin PBXGroup section */
		4295EC137AE30579BAB822AF /* Pods */ = {
			isa = PBXGroup;
			children = (
				3A60D29D6360D042EF453D7A /* Pods-TransactionsCreditCardStone.debug.xcconfig */,
				4EF9AA99508E709D49DEB061 /* Pods-TransactionsCreditCardStone.release.xcconfig */,
			);
			name = Pods;
			sourceTree = "<group>";
		};
		84143C04E65D09CF2DD6C8A2 /* Frameworks */ = {
			isa = PBXGroup;
			children = (
				2F7DDE18C2DF21224E592309 /* Pods_TransactionsCreditCardStone.framework */,
			);
			name = Frameworks;
			sourceTree = "<group>";
		};
		D94C40FF1DB1980B001131B6 = {
			isa = PBXGroup;
			children = (
				D94C410A1DB1980B001131B6 /* TransactionsCreditCardStone */,
				D94C41091DB1980B001131B6 /* Products */,
				4295EC137AE30579BAB822AF /* Pods */,
				84143C04E65D09CF2DD6C8A2 /* Frameworks */,
			);
			sourceTree = "<group>";
		};
		D94C41091DB1980B001131B6 /* Products */ = {
			isa = PBXGroup;
			children = (
				D94C41081DB1980B001131B6 /* TransactionsCreditCardStone.app */,
			);
			name = Products;
			sourceTree = "<group>";
		};
		D94C410A1DB1980B001131B6 /* TransactionsCreditCardStone */ = {
			isa = PBXGroup;
			children = (
				D9ABFAD11DCBBBE6001363CB /* CredCardUser.swift */,
				D94C410B1DB1980B001131B6 /* AppDelegate.swift */,
				D94C410D1DB1980B001131B6 /* ViewController.swift */,
				D94C410F1DB1980B001131B6 /* Main.storyboard */,
				D94C41121DB1980B001131B6 /* Assets.xcassets */,
				D94C41141DB1980B001131B6 /* LaunchScreen.storyboard */,
				D94C41171DB1980B001131B6 /* Info.plist */,
			);
			path = TransactionsCreditCardStone;
			sourceTree = "<group>";
		};
/* End PBXGroup section */

/* Begin PBXNativeTarget section */
		D94C41071DB1980B001131B6 /* TransactionsCreditCardStone */ = {
			isa = PBXNativeTarget;
			buildConfigurationList = D94C411A1DB1980B001131B6 /* Build configuration list for PBXNativeTarget "TransactionsCreditCardStone" */;
			buildPhases = (
				8E8470B3CF080AF5489CF5D0 /* [CP] Check Pods Manifest.lock */,
				D94C41041DB1980B001131B6 /* Sources */,
				D94C41051DB1980B001131B6 /* Frameworks */,
				D94C41061DB1980B001131B6 /* Resources */,
				96065575EE2AFF209E30F44E /* [CP] Embed Pods Frameworks */,
				70FF86189AA4978E2A3C4FA3 /* [CP] Copy Pods Resources */,
			);
			buildRules = (
			);
			dependencies = (
			);
			name = TransactionsCreditCardStone;
			productName = TransactionsCreditCardStone;
			productReference = D94C41081DB1980B001131B6 /* TransactionsCreditCardStone.app */;
			productType = "com.apple.product-type.application";
		};
/* End PBXNativeTarget section */

/* Begin PBXProject section */
		D94C41001DB1980B001131B6 /* Project object */ = {
			isa = PBXProject;
			attributes = {
				LastSwiftUpdateCheck = 0800;
				LastUpgradeCheck = 0800;
				ORGANIZATIONNAME = "Jean Carlos";
				TargetAttributes = {
					D94C41071DB1980B001131B6 = {
						CreatedOnToolsVersion = 8.0;
						DevelopmentTeam = 22GD85QNU8;
						LastSwiftMigration = 0800;
						ProvisioningStyle = Automatic;
					};
				};
			};
			buildConfigurationList = D94C41031DB1980B001131B6 /* Build configuration list for PBXProject "TransactionsCreditCardStone" */;
			compatibilityVersion = "Xcode 3.2";
			developmentRegion = English;
			hasScannedForEncodings = 0;
			knownRegions = (
				en,
				Base,
			);
			mainGroup = D94C40FF1DB1980B001131B6;
			productRefGroup = D94C41091DB1980B001131B6 /* Products */;
			projectDirPath = "";
			projectRoot = "";
			targets = (
				D94C41071DB1980B001131B6 /* TransactionsCreditCardStone */,
			);
		};
/* End PBXProject section */

/* Begin PBXResourcesBuildPhase section */
		D94C41061DB1980B001131B6 /* Resources */ = {
			isa = PBXResourcesBuildPhase;
			buildActionMask = 2147483647;
			files = (
				D94C41161DB1980B001131B6 /* LaunchScreen.storyboard in Resources */,
				D94C41131DB1980B001131B6 /* Assets.xcassets in Resources */,
				D94C41111DB1980B001131B6 /* Main.storyboard in Resources */,
			);
			runOnlyForDeploymentPostprocessing = 0;
		};
/* End PBXResourcesBuildPhase section */

/* Begin PBXShellScriptBuildPhase section */
		70FF86189AA4978E2A3C4FA3 /* [CP] Copy Pods Resources */ = {
			isa = PBXShellScriptBuildPhase;
			buildActionMask = 2147483647;
			files = (
			);
			inputPaths = (
			);
			name = "[CP] Copy Pods Resources";
			outputPaths = (
			);
			runOnlyForDeploymentPostprocessing = 0;
			shellPath = /bin/sh;
			shellScript = "\"${SRCROOT}/Pods/Target Support Files/Pods-TransactionsCreditCardStone/Pods-TransactionsCreditCardStone-resources.sh\"\n";
			showEnvVarsInLog = 0;
		};
		8E8470B3CF080AF5489CF5D0 /* [CP] Check Pods Manifest.lock */ = {
			isa = PBXShellScriptBuildPhase;
			buildActionMask = 2147483647;
			files = (
			);
			inputPaths = (
			);
			name = "[CP] Check Pods Manifest.lock";
			outputPaths = (
			);
			runOnlyForDeploymentPostprocessing = 0;
			shellPath = /bin/sh;
			shellScript = "diff \"${PODS_ROOT}/../Podfile.lock\" \"${PODS_ROOT}/Manifest.lock\" > /dev/null\nif [[ $? != 0 ]] ; then\n    cat << EOM\nerror: The sandbox is not in sync with the Podfile.lock. Run 'pod install' or update your CocoaPods installation.\nEOM\n    exit 1\nfi\n";
			showEnvVarsInLog = 0;
		};
		96065575EE2AFF209E30F44E /* [CP] Embed Pods Frameworks */ = {
			isa = PBXShellScriptBuildPhase;
			buildActionMask = 2147483647;
			files = (
			);
			inputPaths = (
			);
			name = "[CP] Embed Pods Frameworks";
			outputPaths = (
			);
			runOnlyForDeploymentPostprocessing = 0;
			shellPath = /bin/sh;
			shellScript = "\"${SRCROOT}/Pods/Target Support Files/Pods-TransactionsCreditCardStone/Pods-TransactionsCreditCardStone-frameworks.sh\"\n";
			showEnvVarsInLog = 0;
		};
/* End PBXShellScriptBuildPhase section */

/* Begin PBXSourcesBuildPhase section */
		D94C41041DB1980B001131B6 /* Sources */ = {
			isa = PBXSourcesBuildPhase;
			buildActionMask = 2147483647;
			files = (
				D94C410E1DB1980B001131B6 /* ViewController.swift in Sources */,
				D9ABFAD21DCBBBE6001363CB /* CredCardUser.swift in Sources */,
				D94C410C1DB1980B001131B6 /* AppDelegate.swift in Sources */,
			);
			runOnlyForDeploymentPostprocessing = 0;
		};
/* End PBXSourcesBuildPhase section */

/* Begin PBXVariantGroup section */
		D94C410F1DB1980B001131B6 /* Main.storyboard */ = {
			isa = PBXVariantGroup;
			children = (
				D94C41101DB1980B001131B6 /* Base */,
			);
			name = Main.storyboard;
			sourceTree = "<group>";
		};
		D94C41141DB1980B001131B6 /* LaunchScreen.storyboard */ = {
			isa = PBXVariantGroup;
			children = (
				D94C41151DB1980B001131B6 /* Base */,
			);
			name = LaunchScreen.storyboard;
			sourceTree = "<group>";
		};
/* End PBXVariantGroup section */

/* Begin XCBuildConfiguration section */
		D94C41181DB1980B001131B6 /* Debug */ = {
			isa = XCBuildConfiguration;
			buildSettings = {
				ALWAYS_SEARCH_USER_PATHS = NO;
				CLANG_ANALYZER_NONNULL = YES;
				CLANG_CXX_LANGUAGE_STANDARD = "gnu++0x";
				CLANG_CXX_LIBRARY = "libc++";
				CLANG_ENABLE_MODULES = YES;
				CLANG_ENABLE_OBJC_ARC = YES;
				CLANG_WARN_BOOL_CONVERSION = YES;
				CLANG_WARN_CONSTANT_CONVERSION = YES;
				CLANG_WARN_DIRECT_OBJC_ISA_USAGE = YES_ERROR;
				CLANG_WARN_DOCUMENTATION_COMMENTS = YES;
				CLANG_WARN_EMPTY_BODY = YES;
				CLANG_WARN_ENUM_CONVERSION = YES;
				CLANG_WARN_INFINITE_RECURSION = YES;
				CLANG_WARN_INT_CONVERSION = YES;
				CLANG_WARN_OBJC_ROOT_CLASS = YES_ERROR;
				CLANG_WARN_SUSPICIOUS_MOVE = YES;
				CLANG_WARN_SUSPICIOUS_MOVES = YES;
				CLANG_WARN_UNREACHABLE_CODE = YES;
				CLANG_WARN__DUPLICATE_METHOD_MATCH = YES;
				"CODE_SIGN_IDENTITY[sdk=iphoneos*]" = "iPhone Developer";
				COPY_PHASE_STRIP = NO;
				DEBUG_INFORMATION_FORMAT = dwarf;
				ENABLE_STRICT_OBJC_MSGSEND = YES;
				ENABLE_TESTABILITY = YES;
				GCC_C_LANGUAGE_STANDARD = gnu99;
				GCC_DYNAMIC_NO_PIC = NO;
				GCC_NO_COMMON_BLOCKS = YES;
				GCC_OPTIMIZATION_LEVEL = 0;
				GCC_PREPROCESSOR_DEFINITIONS = (
					"DEBUG=1",
					"$(inherited)",
				);
				GCC_WARN_64_TO_32_BIT_CONVERSION = YES;
				GCC_WARN_ABOUT_RETURN_TYPE = YES_ERROR;
				GCC_WARN_UNDECLARED_SELECTOR = YES;
				GCC_WARN_UNINITIALIZED_AUTOS = YES_AGGRESSIVE;
				GCC_WARN_UNUSED_FUNCTION = YES;
				GCC_WARN_UNUSED_VARIABLE = YES;
				IPHONEOS_DEPLOYMENT_TARGET = 10.0;
				MTL_ENABLE_DEBUG_INFO = YES;
				ONLY_ACTIVE_ARCH = YES;
				SDKROOT = iphoneos;
				SWIFT_ACTIVE_COMPILATION_CONDITIONS = DEBUG;
				SWIFT_OPTIMIZATION_LEVEL = "-Onone";
				TARGETED_DEVICE_FAMILY = "1,2";
			};
			name = Debug;
		};
		D94C41191DB1980B001131B6 /* Release */ = {
			isa = XCBuildConfiguration;
			buildSettings = {
				ALWAYS_SEARCH_USER_PATHS = NO;
				CLANG_ANALYZER_NONNULL = YES;
				CLANG_CXX_LANGUAGE_STANDARD = "gnu++0x";
				CLANG_CXX_LIBRARY = "libc++";
				CLANG_ENABLE_MODULES = YES;
				CLANG_ENABLE_OBJC_ARC = YES;
				CLANG_WARN_BOOL_CONVERSION = YES;
				CLANG_WARN_CONSTANT_CONVERSION = YES;
				CLANG_WARN_DIRECT_OBJC_ISA_USAGE = YES_ERROR;
				CLANG_WARN_DOCUMENTATION_COMMENTS = YES;
				CLANG_WARN_EMPTY_BODY = YES;
				CLANG_WARN_ENUM_CONVERSION = YES;
				CLANG_WARN_INFINITE_RECURSION = YES;
				CLANG_WARN_INT_CONVERSION = YES;
				CLANG_WARN_OBJC_ROOT_CLASS = YES_ERROR;
				CLANG_WARN_SUSPICIOUS_MOVE = YES;
				CLANG_WARN_SUSPICIOUS_MOVES = YES;
				CLANG_WARN_UNREACHABLE_CODE = YES;
				CLANG_WARN__DUPLICATE_METHOD_MATCH = YES;
				"CODE_SIGN_IDENTITY[sdk=iphoneos*]" = "iPhone Developer";
				COPY_PHASE_STRIP = NO;
				DEBUG_INFORMATION_FORMAT = "dwarf-with-dsym";
				ENABLE_NS_ASSERTIONS = NO;
				ENABLE_STRICT_OBJC_MSGSEND = YES;
				GCC_C_LANGUAGE_STANDARD = gnu99;
				GCC_NO_COMMON_BLOCKS = YES;
				GCC_WARN_64_TO_32_BIT_CONVERSION = YES;
				GCC_WARN_ABOUT_RETURN_TYPE = YES_ERROR;
				GCC_WARN_UNDECLARED_SELECTOR = YES;
				GCC_WARN_UNINITIALIZED_AUTOS = YES_AGGRESSIVE;
				GCC_WARN_UNUSED_FUNCTION = YES;
				GCC_WARN_UNUSED_VARIABLE = YES;
				IPHONEOS_DEPLOYMENT_TARGET = 10.0;
				MTL_ENABLE_DEBUG_INFO = NO;
				SDKROOT = iphoneos;
				SWIFT_OPTIMIZATION_LEVEL = "-Owholemodule";
				TARGETED_DEVICE_FAMILY = "1,2";
				VALIDATE_PRODUCT = YES;
			};
			name = Release;
		};
		D94C411B1DB1980B001131B6 /* Debug */ = {
			isa = XCBuildConfiguration;
			baseConfigurationReference = 3A60D29D6360D042EF453D7A /* Pods-TransactionsCreditCardStone.debug.xcconfig */;
			buildSettings = {
				ALWAYS_EMBED_SWIFT_STANDARD_LIBRARIES = YES;
				ASSETCATALOG_COMPILER_APPICON_NAME = AppIcon;
				DEVELOPMENT_TEAM = 22GD85QNU8;
				INFOPLIST_FILE = TransactionsCreditCardStone/Info.plist;
				LD_RUNPATH_SEARCH_PATHS = "$(inherited) @executable_path/Frameworks";
				PRODUCT_BUNDLE_IDENTIFIER = com.jeancarlosit.TransactionsCreditCardStone;
				PRODUCT_NAME = "$(TARGET_NAME)";
				SWIFT_VERSION = 3.0;
			};
			name = Debug;
		};
		D94C411C1DB1980B001131B6 /* Release */ = {
			isa = XCBuildConfiguration;
			baseConfigurationReference = 4EF9AA99508E709D49DEB061 /* Pods-TransactionsCreditCardStone.release.xcconfig */;
			buildSettings = {
				ALWAYS_EMBED_SWIFT_STANDARD_LIBRARIES = YES;
				ASSETCATALOG_COMPILER_APPICON_NAME = AppIcon;
				DEVELOPMENT_TEAM = 22GD85QNU8;
				INFOPLIST_FILE = TransactionsCreditCardStone/Info.plist;
				LD_RUNPATH_SEARCH_PATHS = "$(inherited) @executable_path/Frameworks";
				PRODUCT_BUNDLE_IDENTIFIER = com.jeancarlosit.TransactionsCreditCardStone;
				PRODUCT_NAME = "$(TARGET_NAME)";
				SWIFT_VERSION = 3.0;
			};
			name = Release;
		};
/* End XCBuildConfiguration section */

/* Begin XCConfigurationList section */
		D94C41031DB1980B001131B6 /* Build configuration list for PBXProject "TransactionsCreditCardStone" */ = {
			isa = XCConfigurationList;
			buildConfigurations = (
				D94C41181DB1980B001131B6 /* Debug */,
				D94C41191DB1980B001131B6 /* Release */,
			);
			defaultConfigurationIsVisible = 0;
			defaultConfigurationName = Release;
		};
		D94C411A1DB1980B001131B6 /* Build configuration list for PBXNativeTarget "TransactionsCreditCardStone" */ = {
			isa = XCConfigurationList;
			buildConfigurations = (
				D94C411B1DB1980B001131B6 /* Debug */,
				D94C411C1DB1980B001131B6 /* Release */,
			);
			defaultConfigurationIsVisible = 0;
			defaultConfigurationName = Release;
		};
/* End XCConfigurationList section */
	};
	rootObject = D94C41001DB1980B001131B6 /* Project object */;
}
